
Microsoft Visual Studio Solution File, Format Version 12.00
# Visual Studio Version 17
VisualStudioVersion = 17.14.36109.1 d17.14
MinimumVisualStudioVersion = 10.0.40219.1
Project("{FAE04EC0-301F-11D3-BF4B-00C04F79EFBC}") = "Checkpoint3", "Checkpoint3\Checkpoint3.csproj", "{295EF90E-4B3D-4B92-8222-17BD88FFA320}"
EndProject
Global
	GlobalSection(SolutionConfigurationPlatforms) = preSolution
		Debug|Any CPU = Debug|Any CPU
		Release|Any CPU = Release|Any CPU
	EndGlobalSection
	GlobalSection(ProjectConfigurationPlatforms) = postSolution
		{295EF90E-4B3D-4B92-8222-17BD88FFA320}.Debug|Any CPU.ActiveCfg = Debug|Any CPU
		{295EF90E-4B3D-4B92-8222-17BD88FFA320}.Debug|Any CPU.Build.0 = Debug|Any CPU
		{295EF90E-4B3D-4B92-8222-17BD88FFA320}.Release|Any CPU.ActiveCfg = Release|Any CPU
		{295EF90E-4B3D-4B92-8222-17BD88FFA320}.Release|Any CPU.Build.0 = Release|Any CPU
	EndGlobalSection
	GlobalSection(SolutionProperties) = preSolution
		HideSolutionNode = FALSE
	EndGlobalSection
	GlobalSection(ExtensibilityGlobals) = postSolution
		SolutionGuid = {70FA2938-D3FB-48C0-A656-78ED063193A9}
	EndGlobalSection
EndGlobal
